{
    "_readme": [
        "This file locks the dependencies of your project to a known state",
        "Read more about it at https://getcomposer.org/doc/01-basic-usage.md#composer-lock-the-lock-file",
        "This file is @generated automatically"
    ],
    "hash": "43034f3545bd0d25a49dbae35bc31973",
    "content-hash": "74615903849ea7f3123f31e887c4e691",
    "packages": [
        {
            "name": "ufds/libcommon",
            "version": "dev-master",
            "source": {
                "type": "git",
                "url": "http://dev/git/ufds/libcommon.git",
                "reference": "dafdfe8f7ed7891a6c56369ab2aef4071cee0d5f"
            },
            "type": "library",
            "autoload": {
                "classmap": [
                    "common/"
                ]
            },
            "license": [
                "UFDS privat"
            ],
            "description": "UFDS common library",
            "time": "2015-12-11 13:57:53"
        },
        {
            "name": "ufds/libssoclient",
            "version": "dev-master",
            "source": {
                "type": "git",
                "url": "http://dev/git/ufds/libssoclient.git",
                "reference": "60a2c661eebc35245698601b859e3fefea418a6c"
            },
            "require": {
                "ufds/libcommon": "dev-master",
                "ufds/libutil": "dev-master"
            },
            "type": "library",
            "autoload": {
                "classmap": [
                    "ssoclient/"
                ]
            },
            "license": [
                "UFDS privat"
            ],
            "description": "CLient interface to Single Sign On (SSO)",
            "time": "2016-03-17 09:20:41"
        },
        {
            "name": "ufds/libutil",
            "version": "dev-master",
            "source": {
                "type": "git",
                "url": "http://dev/git/ufds/libutil.git",
                "reference": "d47a062d18ff96a9cf97367fe5bc7a3645d8dd6b"
            },
            "type": "library",
            "autoload": {
                "classmap": [
                    "config/",
                    "di/",
                    "log/",
                    "lpr/"
                ]
            },
            "license": [
                "UFDS privat"
            ],
            "description": "Package of utils",
            "time": "2016-03-17 08:59:25"
        }
    ],
    "packages-dev": [
        {
            "name": "ruckusing/ruckusing-migrations",
            "version": "1.1.0",
            "source": {
                "type": "git",
                "url": "https://github.com/ruckus/ruckusing-migrations.git",
                "reference": "853d95ecf2124b109fafbd83b1685b614f8137ab"
            },
            "dist": {
                "type": "zip",
                "url": "https://api.github.com/repos/ruckus/ruckusing-migrations/zipball/853d95ecf2124b109fafbd83b1685b614f8137ab",
                "reference": "853d95ecf2124b109fafbd83b1685b614f8137ab",
                "shasum": ""
            },
            "require": {
                "php": ">=5.2.0"
            },
            "require-dev": {
                "phpunit/phpunit": "3.7.*"
            },
            "bin": [
                "ruckus.php"
            ],
            "type": "library",
            "autoload": {
                "psr-0": {
                    "Ruckusing": "lib/",
                    "Task": "lib/"
                }
            },
            "notification-url": "https://packagist.org/downloads/",
            "license": [
                "MIT"
            ],
            "authors": [
                {
                    "name": "Cody Caughlan",
                    "email": "codycaughlan@gmail.com",
                    "homepage": "https://github.com/ruckus/ruckusing-migrations/wiki",
                    "role": "Project lead / Developer"
                }
            ],
            "description": "Framework for generating and managing database migrations",
            "homepage": "https://github.com/ruckus/ruckusing-migrations",
            "keywords": [
                "database",
                "migrations",
                "mysql",
                "postgres",
                "rake",
                "ruckusing",
                "task"
            ],
            "time": "2015-03-18 15:29:47"
        },
        {
            "name": "ufds/libdatabase",
            "version": "dev-master",
            "source": {
                "type": "git",
                "url": "http://dev/git/ufds/libdatabase.git",
                "reference": "329ddac371e5729183c3d89f93321d5337a22064"
            },
            "require": {
                "ruckusing/ruckusing-migrations": "1.1.0",
                "ufds/libcommon": "dev-master",
                "ufds/libtypes": "dev-master",
                "ufds/libutil": "dev-master"
            },
            "type": "library",
            "autoload": {
                "classmap": [
                    "dbobject/"
                ]
            },
            "license": [
                "UFDS privat"
            ],
            "description": "Generel ORM mapper baseret på PDO",
            "time": "2016-03-15 13:43:27"
        },
        {
            "name": "ufds/libtypes",
            "version": "dev-master",
            "source": {
                "type": "git",
                "url": "http://dev/git/ufds/libtypes.git",
                "reference": "418deb77ab2e1807060caa9a74d8db70d1d407fb"
            },
            "require": {
                "ufds/libcommon": "dev-master"
            },
            "type": "library",
            "autoload": {
                "classmap": [
                    "types/"
                ]
            },
            "license": [
                "UFDS privat"
            ],
            "description": "UFDS standard types",
            "time": "2016-03-17 08:54:20"
        }
    ],
    "aliases": [],
    "minimum-stability": "stable",
    "stability-flags": {
        "ufds/libutil": 20,
        "ufds/libcommon": 20,
        "ufds/libssoclient": 20,
        "ufds/libtypes": 20,
        "ufds/libdatabase": 20
    },
    "prefer-stable": false,
    "prefer-lowest": false,
    "platform": [],
    "platform-dev": [],
    "platform-overrides": {
        "php": "5.3.10"
    }
}
